
Microsoft Visual Studio Solution File, Format Version 12.00
# Visual Studio Version 17
VisualStudioVersion = 17.0.32126.317
MinimumVisualStudioVersion = 10.0.40219.1
Project("{8BC9CEB8-8B4A-11D0-8D11-00A0C91BC942}") = "lab2", "lab2\lab2.vcxproj", "{B5ED5426-573E-4485-B1EE-9A416A679B41}"
EndProject
Global
	GlobalSection(SolutionConfigurationPlatforms) = preSolution
		Debug|x64 = Debug|x64
		Debug|x86 = Debug|x86
		Release|x64 = Release|x64
		Release|x86 = Release|x86
	EndGlobalSection
	GlobalSection(ProjectConfigurationPlatforms) = postSolution
		{B5ED5426-573E-4485-B1EE-9A416A679B41}.Debug|x64.ActiveCfg = Debug|x64
		{B5ED5426-573E-4485-B1EE-9A416A679B41}.Debug|x64.Build.0 = Debug|x64
		{B5ED5426-573E-4485-B1EE-9A416A679B41}.Debug|x86.ActiveCfg = Debug|Win32
		{B5ED5426-573E-4485-B1EE-9A416A679B41}.Debug|x86.Build.0 = Debug|Win32
		{B5ED5426-573E-4485-B1EE-9A416A679B41}.Release|x64.ActiveCfg = Release|x64
		{B5ED5426-573E-4485-B1EE-9A416A679B41}.Release|x64.Build.0 = Release|x64
		{B5ED5426-573E-4485-B1EE-9A416A679B41}.Release|x86.ActiveCfg = Release|Win32
		{B5ED5426-573E-4485-B1EE-9A416A679B41}.Release|x86.Build.0 = Release|Win32
	EndGlobalSection
	GlobalSection(SolutionProperties) = preSolution
		HideSolutionNode = FALSE
	EndGlobalSection
	GlobalSection(ExtensibilityGlobals) = postSolution
		SolutionGuid = {8117CB3E-DC4A-4553-BB6F-C0E5B9701C69}
	EndGlobalSection
EndGlobal
